
Microsoft Visual Studio Solution File, Format Version 12.00
# Visual Studio Version 16
VisualStudioVersion = 16.0.30907.101
MinimumVisualStudioVersion = 10.0.40219.1
Project("{FAE04EC0-301F-11D3-BF4B-00C04F79EFBC}") = "LSAdmin", "LSAdmin.csproj", "{CDBA0240-57B2-4B3C-BB7B-EF51571F91CB}"
EndProject
Global
	GlobalSection(SolutionConfigurationPlatforms) = preSolution
		Debug|Any CPU = Debug|Any CPU
		Release|Any CPU = Release|Any CPU
	EndGlobalSection
	GlobalSection(ProjectConfigurationPlatforms) = postSolution
		{CDBA0240-57B2-4B3C-BB7B-EF51571F91CB}.Debug|Any CPU.ActiveCfg = Debug|Any CPU
		{CDBA0240-57B2-4B3C-BB7B-EF51571F91CB}.Debug|Any CPU.Build.0 = Debug|Any CPU
		{CDBA0240-57B2-4B3C-BB7B-EF51571F91CB}.Release|Any CPU.ActiveCfg = Release|Any CPU
		{CDBA0240-57B2-4B3C-BB7B-EF51571F91CB}.Release|Any CPU.Build.0 = Release|Any CPU
	EndGlobalSection
	GlobalSection(SolutionProperties) = preSolution
		HideSolutionNode = FALSE
	EndGlobalSection
	GlobalSection(ExtensibilityGlobals) = postSolution
		SolutionGuid = {893EDA87-4EF3-4F4B-B555-04B7133F3B2E}
	EndGlobalSection
EndGlobal
